
Microsoft Visual Studio Solution File, Format Version 12.00
# Visual Studio 15
VisualStudioVersion = 15.0.28307.168
MinimumVisualStudioVersion = 10.0.40219.1
Project("{FAE04EC0-301F-11D3-BF4B-00C04F79EFBC}") = "StorageApp", "StorageApp\StorageApp.csproj", "{B247BF44-4B0D-4666-8BAB-AE97D894DC50}"
EndProject
Global
	GlobalSection(SolutionConfigurationPlatforms) = preSolution
		Debug|Any CPU = Debug|Any CPU
		Release|Any CPU = Release|Any CPU
	EndGlobalSection
	GlobalSection(ProjectConfigurationPlatforms) = postSolution
		{B247BF44-4B0D-4666-8BAB-AE97D894DC50}.Debug|Any CPU.ActiveCfg = Debug|Any CPU
		{B247BF44-4B0D-4666-8BAB-AE97D894DC50}.Debug|Any CPU.Build.0 = Debug|Any CPU
		{B247BF44-4B0D-4666-8BAB-AE97D894DC50}.Release|Any CPU.ActiveCfg = Release|Any CPU
		{B247BF44-4B0D-4666-8BAB-AE97D894DC50}.Release|Any CPU.Build.0 = Release|Any CPU
	EndGlobalSection
	GlobalSection(SolutionProperties) = preSolution
		HideSolutionNode = FALSE
	EndGlobalSection
	GlobalSection(ExtensibilityGlobals) = postSolution
		SolutionGuid = {BE3AF667-3791-4C97-ADB9-B6C30D3BCD3D}
	EndGlobalSection
EndGlobal
